GEM
  remote: https://rubygems.org/
  specs:
    abbrev (0.1.2)
    base64 (0.3.0)
    benchmark (0.5.0)
    bigdecimal (4.1.2)
    csv (3.3.6)
    date (3.5.1)
    debug (1.11.1)
      irb (~> 1.10)
      reline (>= 0.3.8)
    delegate (0.6.1)
    did_you_mean (2.0.0)
    diff-lcs (1.6.2)
    digest (3.2.1)
    drb (2.2.3)
    english (0.8.1)
    erb (6.0.7)
    error_highlight (0.7.2)
    ffi (1.17.4)
    ffi (1.17.4-aarch64-linux-gnu)
    ffi (1.17.4-aarch64-linux-musl)
    ffi (1.17.4-arm-linux-gnu)
    ffi (1.17.4-arm-linux-musl)
    ffi (1.17.4-arm64-darwin)
    ffi (1.17.4-x86-linux-gnu)
    ffi (1.17.4-x86-linux-musl)
    ffi (1.17.4-x86_64-darwin)
    ffi (1.17.4-x86_64-linux-gnu)
    ffi (1.17.4-x86_64-linux-musl)
    fiddle (1.1.8)
    fileutils (1.8.0)
    find (0.2.0)
    forwardable (1.4.0)
    getoptlong (0.2.1)
    io-console (0.9.2)
    ipaddr (1.2.9)
    irb (1.18.0)
      pp (>= 0.6.0)
      prism (>= 1.3.0)
      rdoc (>= 4.0.0)
      reline (>= 0.4.2)
    json (2.21.2)
    logger (1.7.0)
    matrix (0.4.3)
    minitest (6.0.6)
      drb (~> 2.0)
      prism (~> 1.5)
    mutex_m (0.3.0)
    net-ftp (0.3.9)
      net-protocol
      time
    net-http (0.9.1)
      uri (>= 0.11.1)
    net-imap (0.6.6)
      date
      net-protocol
    net-pop (0.1.2)
      net-protocol
    net-protocol (0.3.0)
      timeout
    net-smtp (0.5.1)
      net-protocol
    nkf (0.3.0)
    observer (0.1.2)
    open-uri (0.5.0)
      stringio
      time
      uri
    open3 (0.2.1)
    openssl (4.0.2)
    optparse (0.8.1)
    ostruct (0.6.3)
    power_assert (3.1.0)
    pp (0.6.4)
      prettyprint
    prettyprint (0.2.0)
    prime (0.1.4)
      forwardable
      singleton
    prism (1.9.0)
    pstore (0.2.1)
    psych (5.5.0)
      date
      stringio
    racc (1.8.1)
    rake (13.4.2)
    rbs (4.2.0)
      logger
      prism (>= 1.6.0)
      tsort
    rdoc (8.0.0)
      erb
      prism (>= 1.6.0)
      rbs (>= 4.0.0)
      tsort
    readline (0.0.4)
      reline
    reline (0.7.0)
      io-console (~> 0.5)
    repl_type_completor (0.1.16)
      prism (~> 1.0)
      rbs (>= 2.7.0)
    resolv (0.7.2)
    resolv-replace (0.2.0)
      resolv
    rexml (3.4.4)
    rspec (3.13.2)
      rspec-core (~> 3.13.0)
      rspec-expectations (~> 3.13.0)
      rspec-mocks (~> 3.13.0)
    rspec-core (3.13.6)
      rspec-support (~> 3.13.0)
    rspec-expectations (3.13.5)
      diff-lcs (>= 1.2.0, < 2.0)
      rspec-support (~> 3.13.0)
    rspec-mocks (3.13.8)
      diff-lcs (>= 1.2.0, < 2.0)
      rspec-support (~> 3.13.0)
    rspec-support (3.13.7)
    rss (0.3.3)
      rexml
    ruby2_keywords (0.0.5)
    rubygems-update (4.0.20)
    securerandom (0.4.1)
    shellwords (0.2.2)
    singleton (0.3.0)
    stringio (3.2.0)
    strscan (3.1.8)
    syntax_suggest (3.0.0)
    syslog (0.4.0)
      logger
    tempfile (0.3.1)
    test-unit (3.7.8)
      power_assert
    time (0.4.2)
      date
    timeout (0.6.1)
    tmpdir (0.3.1)
      fileutils
    tsort (0.2.0)
    typeprof (0.32.0)
      prism (>= 1.4.0)
      rbs (>= 3.6.0)
    un (0.3.0)
    uri (1.1.1)
    weakref (0.1.4)
      delegate
    zlib (3.2.3)

PLATFORMS
  aarch64-linux
  aarch64-linux-gnu
  aarch64-linux-musl
  arm-linux-gnu
  arm-linux-musl
  arm64-darwin
  arm64-darwin-23
  ruby
  x86-linux-gnu
  x86-linux-musl
  x86_64-darwin
  x86_64-linux
  x86_64-linux-gnu
  x86_64-linux-musl

DEPENDENCIES
  abbrev (= 0.1.2)
  base64 (= 0.3.0)
  benchmark (= 0.5.0)
  bigdecimal (= 4.1.2)
  csv (= 3.3.6)
  date (= 3.5.1)
  debug (= 1.11.1)
  delegate (= 0.6.1)
  did_you_mean (= 2.0.0)
  digest (= 3.2.1)
  drb (= 2.2.3)
  english (= 0.8.1)
  erb (= 6.0.7)
  error_highlight (= 0.7.2)
  ffi (= 1.17.4)
  fiddle (= 1.1.8)
  fileutils (= 1.8.0)
  find (= 0.2.0)
  forwardable (= 1.4.0)
  getoptlong (= 0.2.1)
  io-console (= 0.9.2)
  ipaddr (= 1.2.9)
  irb (= 1.18.0)
  json (= 2.21.2)
  logger (= 1.7.0)
  matrix (= 0.4.3)
  minitest (= 6.0.6)
  mutex_m (= 0.3.0)
  net-ftp (= 0.3.9)
  net-http (= 0.9.1)
  net-imap (= 0.6.6)
  net-pop (= 0.1.2)
  net-protocol (= 0.3.0)
  net-smtp (= 0.5.1)
  nkf (= 0.3.0)
  observer (= 0.1.2)
  open-uri (= 0.5.0)
  open3 (= 0.2.1)
  openssl (= 4.0.2)
  optparse (= 0.8.1)
  ostruct (= 0.6.3)
  power_assert (= 3.1.0)
  pp (= 0.6.4)
  prettyprint (= 0.2.0)
  prime (= 0.1.4)
  prism (= 1.9.0)
  pstore (= 0.2.1)
  psych (= 5.5.0)
  racc (= 1.8.1)
  rake (= 13.4.2)
  rbs (= 4.2.0)
  rdoc (= 8.0.0)
  readline (= 0.0.4)
  reline (= 0.7.0)
  repl_type_completor (= 0.1.16)
  resolv (= 0.7.2)
  resolv-replace (= 0.2.0)
  rexml (= 3.4.4)
  rspec (= 3.13.2)
  rss (= 0.3.3)
  ruby2_keywords (= 0.0.5)
  rubygems-update (= 4.0.20)
  securerandom (= 0.4.1)
  shellwords (= 0.2.2)
  singleton (= 0.3.0)
  strscan (= 3.1.8)
  syntax_suggest (= 3.0.0)
  syslog (= 0.4.0)
  tempfile (= 0.3.1)
  test-unit (= 3.7.8)
  time (= 0.4.2)
  timeout (= 0.6.1)
  tmpdir (= 0.3.1)
  tsort (= 0.2.0)
  typeprof (= 0.32.0)
  un (= 0.3.0)
  uri (= 1.1.1)
  weakref (= 0.1.4)
  zlib (= 3.2.3)

CHECKSUMS
  abbrev (0.1.2) sha256=ad1b4eaaaed4cb722d5684d63949e4bde1d34f2a95e20db93aecfe7cbac74242
  base64 (0.3.0) sha256=27337aeabad6ffae05c265c450490628ef3ebd4b67be58257393227588f5a97b
  benchmark (0.5.0) sha256=465df122341aedcb81a2a24b4d3bd19b6c67c1530713fd533f3ff034e419236c
  bigdecimal (4.1.2) sha256=53d217666027eab4280346fba98e7d5b66baaae1b9c3c1c0ffe89d48188a3fbd
  csv (3.3.6) sha256=aba61e7e507a66f03d45cb1f3c4b6359861c3504038b422962875dce099e4456
  date (3.5.1) sha256=750d06384d7b9c15d562c76291407d89e368dda4d4fff957eb94962d325a0dc0
  debug (1.11.1) sha256=2e0b0ac6119f2207a6f8ac7d4a73ca8eb4e440f64da0a3136c30343146e952b6
  delegate (0.6.1) sha256=54cf946cacfe05b1c23114edd8fbd8d54e9cea7abf36b95130ab53cc88b8f7e4
  did_you_mean (2.0.0) sha256=914a5803e310063240799d547c10693a97eef906bbcbdbe23b46d60a96de765a
  diff-lcs (1.6.2) sha256=9ae0d2cba7d4df3075fe8cd8602a8604993efc0dfa934cff568969efb1909962
  digest (3.2.1) sha256=ab3312b4e272d7d5dc41c564c86a25861a1f34ac5153374199a0b74861395947
  drb (2.2.3) sha256=0b00d6fdb50995fe4a45dea13663493c841112e4068656854646f418fda13373
  english (0.8.1) sha256=39a87c5acaf9798850c9abd2189acc1851df19aa0b58f174894d4d9427524380
  erb (6.0.7) sha256=c5ca6dc25b0ef974a44dc8f59fe847577122483b1968a38dec305c60bf91ee92
  error_highlight (0.7.2) sha256=796bcca7048861e3c8e52bf07258ea6adeee711aa351532ecaee6760392b0345
  ffi (1.17.4) sha256=bcd1642e06f0d16fc9e09ac6d49c3a7298b9789bcb58127302f934e437d60acf
  ffi (1.17.4-aarch64-linux-gnu) sha256=b208f06f91ffd8f5e1193da3cae3d2ccfc27fc36fba577baf698d26d91c080df
  ffi (1.17.4-aarch64-linux-musl) sha256=9286b7a615f2676245283aef0a0a3b475ae3aae2bb5448baace630bb77b91f39
  ffi (1.17.4-arm-linux-gnu) sha256=d6dbddf7cb77bf955411af5f187a65b8cd378cb003c15c05697f5feee1cb1564
  ffi (1.17.4-arm-linux-musl) sha256=9d4838ded0465bef6e2426935f6bcc93134b6616785a84ffd2a3d82bc3cf6f95
  ffi (1.17.4-arm64-darwin) sha256=19071aaf1419251b0a46852abf960e77330a3b334d13a4ab51d58b31a937001b
  ffi (1.17.4-x86-linux-gnu) sha256=38e150df5f4ca555e25beca4090823ae09657bceded154e3c52f8631c1ed72cf
  ffi (1.17.4-x86-linux-musl) sha256=fbeec0fc7c795bcf86f623bb18d31ea1820f7bd580e1703a3d3740d527437809
  ffi (1.17.4-x86_64-darwin) sha256=aa70390523cf3235096cf64962b709b4cfbd5c082a2cb2ae714eb0fe2ccda496
  ffi (1.17.4-x86_64-linux-gnu) sha256=9d3db14c2eae074b382fa9c083fe95aec6e0a1451da249eab096c34002bc752d
  ffi (1.17.4-x86_64-linux-musl) sha256=3fdf9888483de005f8ef8d1cf2d3b20d86626af206cbf780f6a6a12439a9c49e
  fiddle (1.1.8) sha256=7fa8ee3627271497f3add5503acdbc3f40b32f610fc1cf49634f083ef3f32eee
  fileutils (1.8.0) sha256=8c6b1df54e2540bdb2f39258f08af78853aa70bad52b4d394bbc6424593c6e02
  find (0.2.0) sha256=9aabac9dbbea3fdd23781f79a2fd626166e57dab349aaec449400811b40c371b
  forwardable (1.4.0) sha256=f1cd40cc9812937980e1c76f1aa053660990a7c9b6a98fc37d945468afcce838
  getoptlong (0.2.1) sha256=fd23f07397b994bf9310d4531cfdb4332629a9b8e8c9c457c32b7edf5bf21ba5
  io-console (0.9.2) sha256=efa74f891dd03c0939a931dfc6e74c2813d904763d456ea9762b0525e748db08
  ipaddr (1.2.9) sha256=0f858a7b2e45def81ad2acf7997af77f2837709fa3b3acbbc05f33cfcc03deb7
  irb (1.18.0) sha256=de9454a0703a54704b9811a5ef31a60c86949fbf4013fcf244fabc7c775248e3
  json (2.21.2) sha256=1f1d3b7cf2b3ba1a69beca0bb6db13d5438b80bff3cd54cdaaa620b9b07c1c6a
  logger (1.7.0) sha256=196edec7cc44b66cfb40f9755ce11b392f21f7967696af15d274dde7edff0203
  matrix (0.4.3) sha256=a0d5ab7ddcc1973ff690ab361b67f359acbb16958d1dc072b8b956a286564c5b
  minitest (6.0.6) sha256=153ea36d1d987a62942382b61075745042a2b3123b1cd48f4c3675af9cc7d6f1
  mutex_m (0.3.0) sha256=cfcb04ac16b69c4813777022fdceda24e9f798e48092a2b817eb4c0a782b0751
  net-ftp (0.3.9) sha256=307817ccf7f428f79d083f7e36dbb46a9d1d375e0d23027824de1866f0b13b65
  net-http (0.9.1) sha256=25ba0b67c63e89df626ed8fac771d0ad24ad151a858af2cc8e6a716ca4336996
  net-imap (0.6.6) sha256=96aa4ee50df3060203e649efc341f53480b791d49e150f2fdebf68beb141a8df
  net-pop (0.1.2) sha256=848b4e982013c15b2f0382792268763b748cce91c9e91e36b0f27ed26420dff3
  net-protocol (0.3.0) sha256=ba310c3d4f1cad46bb1ab20336b06669b1ff8f7c568d9cb9342b32a718547472
  net-smtp (0.5.1) sha256=ed96a0af63c524fceb4b29b0d352195c30d82dd916a42f03c62a3a70e5b70736
  nkf (0.3.0) sha256=357a8dbeba38b727b75930f665146546076a394a1c243faf634ff176e3588895
  observer (0.1.2) sha256=d8a3107131ba661138d748e7be3dbafc0d82e732fffba9fccb3d7829880950ac
  open-uri (0.5.0) sha256=7b4f06fdac39e6946aed15a8da82531580882fbbec80438adcb7c30d388887ca
  open3 (0.2.1) sha256=8e2d7d2113526351201438c1aa35c8139f0141c9e8913baa007c898973bf3952
  openssl (4.0.2) sha256=1037ad2868ae58df9ad917891c0c0f9815a1172f6846d4bcdd508e4c2ee747c2
  optparse (0.8.1) sha256=42bea10d53907ccff4f080a69991441d611fbf8733b60ed1ce9ee365ce03bd1a
  ostruct (0.6.3) sha256=95a2ed4a4bd1d190784e666b47b2d3f078e4a9efda2fccf18f84ddc6538ed912
  power_assert (3.1.0) sha256=fefe98ed5d3140628138f3f9f9194d6ece01f1320e69700d3c928adca7518251
  pp (0.6.4) sha256=dfcb0fce700c41456265922884f9fe195d7fbb0674a3578e6c0f69588e82b570
  prettyprint (0.2.0) sha256=2bc9e15581a94742064a3cc8b0fb9d45aae3d03a1baa6ef80922627a0766f193
  prime (0.1.4) sha256=4d755ebf7c2994a6f3a3fee0d072063be3fff2d4042ebff6cd5eebd4747a225e
  prism (1.9.0) sha256=7b530c6a9f92c24300014919c9dcbc055bf4cdf51ec30aed099b06cd6674ef85
  pstore (0.2.1) sha256=03904d0f2c66579e96d1e6704cdabc0c88df7ea8ed8782d9f3569f6f6c702c1a
  psych (5.5.0) sha256=4b245bbbd0f3238df8ccee766ebc1a6b062b10e4ee1d3284eb588739ba156a0a
  racc (1.8.1) sha256=4a7f6929691dbec8b5209a0b373bc2614882b55fc5d2e447a21aaa691303d62f
  rake (13.4.2) sha256=cb825b2bd5f1f8e91ca37bddb4b9aaf345551b4731da62949be002fa89283701
  rbs (4.2.0) sha256=51f7b886dcc05bc09e10b901daa6a81829f6adc03101d6ca9ea4aac6103e0674
  rdoc (8.0.0) sha256=03bf8c08a9639658855a0cfd77c0abca8325c227693f7f33f82957811348c469
  readline (0.0.4) sha256=6138eef17be2b98298b672c3ea63bf9cb5158d401324f26e1e84f235879c1d6a
  reline (0.7.0) sha256=5b012d8e55dbf9d450f12bde2cf7d15ff546ae80b3f8f3b30e570d431815583d
  repl_type_completor (0.1.16) sha256=f7048de5e758504c04a6c80d02ff4c7c4c6ff2785151928b830a6ac0ed416b5b
  resolv (0.7.2) sha256=626d044d975ab2daac759bf898416f1b51e2cb8dcd6727c2b5b5b28b97ead2e1
  resolv-replace (0.2.0) sha256=76d2c92dc6a744b9e27a915d1962b641c52e2c6ef6662a23335672a3ca593b30
  rexml (3.4.4) sha256=19e0a2c3425dfbf2d4fc1189747bdb2f849b6c5e74180401b15734bc97b5d142
  rspec (3.13.2) sha256=206284a08ad798e61f86d7ca3e376718d52c0bc944626b2349266f239f820587
  rspec-core (3.13.6) sha256=a8823c6411667b60a8bca135364351dda34cd55e44ff94c4be4633b37d828b2d
  rspec-expectations (3.13.5) sha256=33a4d3a1d95060aea4c94e9f237030a8f9eae5615e9bd85718fe3a09e4b58836
  rspec-mocks (3.13.8) sha256=086ad3d3d17533f4237643de0b5c42f04b66348c28bf6b9c2d3f4a3b01af1d47
  rspec-support (3.13.7) sha256=0640e5570872aafefd79867901deeeeb40b0c9875a36b983d85f54fb7381c47c
  rss (0.3.3) sha256=37ef1ec4d691d67edbe92159079a4e89a0965e6a6b32246009ae3d734d12d1ab
  ruby2_keywords (0.0.5) sha256=ffd13740c573b7301cf7a2e61fc857b2a8e3d3aff32545d6f8300d8bae10e3ef
  rubygems-update (4.0.20) sha256=829da7b735d04b2125ec86700134f1b035e0df888512e1513fadfa703519f7d5
  securerandom (0.4.1) sha256=cc5193d414a4341b6e225f0cb4446aceca8e50d5e1888743fac16987638ea0b1
  shellwords (0.2.2) sha256=b8695a791de2f71472de5abdc3f4332f6535a4177f55d8f99e7e44266cd32f94
  singleton (0.3.0) sha256=83ea1bca5f4aa34d00305ab842a7862ea5a8a11c73d362cb52379d94e9615778
  stringio (3.2.0) sha256=c37cb2e58b4ffbd33fe5cd948c05934af997b36e0b6ca6fdf43afa234cf222e1
  strscan (3.1.8) sha256=aae2db611a225559f21ffbb71765c9a4e60fd262534a9ea84f4f11c7f32f679e
  syntax_suggest (3.0.0) sha256=4fd56005c49069933300681b40ea42c2a45c932f023920370b3d621c4dfec294
  syslog (0.4.0) sha256=c4c38ae982fe72903ec41094b5e5f2dcbbc66f510d0225c9702e5e980d827472
  tempfile (0.3.1) sha256=0bb53ab646744e505eb3102147e22ae130a626a15563e882428c1ec973fed76a
  test-unit (3.7.8) sha256=689d1ca53f4d46f678b4e5d68d8e4294f87fc5e8b9238cc4de7c5727e8d65943
  time (0.4.2) sha256=f324e498c3bde9471d45a7d18f874c27980e9867aa5cfca61bebf52262bc3dab
  timeout (0.6.1) sha256=78f57368a7e7bbadec56971f78a3f5ecbcfb59b7fcbb0a3ed6ddc08a5094accb
  tmpdir (0.3.1) sha256=908e9729bb31ce104ba27fc03cfc8293a7f858a8dc9e3a1d7cfd112919a3513d
  tsort (0.2.0) sha256=9650a793f6859a43b6641671278f79cfead60ac714148aabe4e3f0060480089f
  typeprof (0.32.0) sha256=08903d6ade102e49f7b375a46a33b07e769629ed99258473dcda69b9d49d5c13
  un (0.3.0) sha256=2556c487f865e3a7232cdd6f39465753b8da191496d588fb038cdad34d4ca238
  uri (1.1.1) sha256=379fa58d27ffb1387eaada68c749d1426738bd0f654d812fcc07e7568f5c57c6
  weakref (0.1.4) sha256=6cb8852f0367a630ecfbf8e0caf296cb2d8a9cd5318fab01ce4c06d6540a335b
  zlib (3.2.3) sha256=5bd316698b32f31a64ab910a8b6c282442ca1626a81bbd6a1674e8522e319c20

BUNDLED WITH
  4.0.20
